
Microsoft Visual Studio Solution File, Format Version 12.00
# Visual Studio 15
VisualStudioVersion = 15.0.27428.2037
MinimumVisualStudioVersion = 10.0.40219.1
Project("{FAE04EC0-301F-11D3-BF4B-00C04F79EFBC}") = "AILab1.Android", "AILab1\AILab1.Android\AILab1.Android.csproj", "{78660687-638A-459F-B2F6-E52F8AB1BBD6}"
EndProject
Project("{FAE04EC0-301F-11D3-BF4B-00C04F79EFBC}") = "AILab1", "AILab1\AILab1\AILab1.csproj", "{B0A9AA8E-5865-40B2-8E1A-BE7D116DAFB4}"
EndProject
Global
	GlobalSection(SolutionConfigurationPlatforms) = preSolution
		Debug|Any CPU = Debug|Any CPU
		Release|Any CPU = Release|Any CPU
	EndGlobalSection
	GlobalSection(ProjectConfigurationPlatforms) = postSolution
		{78660687-638A-459F-B2F6-E52F8AB1BBD6}.Debug|Any CPU.ActiveCfg = Debug|Any CPU
		{78660687-638A-459F-B2F6-E52F8AB1BBD6}.Debug|Any CPU.Build.0 = Debug|Any CPU
		{78660687-638A-459F-B2F6-E52F8AB1BBD6}.Debug|Any CPU.Deploy.0 = Debug|Any CPU
		{78660687-638A-459F-B2F6-E52F8AB1BBD6}.Release|Any CPU.ActiveCfg = Release|Any CPU
		{78660687-638A-459F-B2F6-E52F8AB1BBD6}.Release|Any CPU.Build.0 = Release|Any CPU
		{78660687-638A-459F-B2F6-E52F8AB1BBD6}.Release|Any CPU.Deploy.0 = Release|Any CPU
		{B0A9AA8E-5865-40B2-8E1A-BE7D116DAFB4}.Debug|Any CPU.ActiveCfg = Debug|Any CPU
		{B0A9AA8E-5865-40B2-8E1A-BE7D116DAFB4}.Debug|Any CPU.Build.0 = Debug|Any CPU
		{B0A9AA8E-5865-40B2-8E1A-BE7D116DAFB4}.Release|Any CPU.ActiveCfg = Release|Any CPU
		{B0A9AA8E-5865-40B2-8E1A-BE7D116DAFB4}.Release|Any CPU.Build.0 = Release|Any CPU
	EndGlobalSection
	GlobalSection(SolutionProperties) = preSolution
		HideSolutionNode = FALSE
	EndGlobalSection
	GlobalSection(ExtensibilityGlobals) = postSolution
		SolutionGuid = {F4916566-1F8F-483F-9836-CC3FE88A4111}
	EndGlobalSection
EndGlobal
